
Microsoft Visual Studio Solution File, Format Version 12.00
# Visual Studio Version 17
VisualStudioVersion = 17.14.36908.2 d17.14
MinimumVisualStudioVersion = 10.0.40219.1
Project("{FAE04EC0-301F-11D3-BF4B-00C04F79EFBC}") = "Sem4_Registru_contacte", "Sem4_Registru_contacte\Sem4_Registru_contacte.csproj", "{F80F08D7-A861-45E3-88F9-1FDF646C6E23}"
EndProject
Global
	GlobalSection(SolutionConfigurationPlatforms) = preSolution
		Debug|Any CPU = Debug|Any CPU
		Release|Any CPU = Release|Any CPU
	EndGlobalSection
	GlobalSection(ProjectConfigurationPlatforms) = postSolution
		{F80F08D7-A861-45E3-88F9-1FDF646C6E23}.Debug|Any CPU.ActiveCfg = Debug|Any CPU
		{F80F08D7-A861-45E3-88F9-1FDF646C6E23}.Debug|Any CPU.Build.0 = Debug|Any CPU
		{F80F08D7-A861-45E3-88F9-1FDF646C6E23}.Release|Any CPU.ActiveCfg = Release|Any CPU
		{F80F08D7-A861-45E3-88F9-1FDF646C6E23}.Release|Any CPU.Build.0 = Release|Any CPU
	EndGlobalSection
	GlobalSection(SolutionProperties) = preSolution
		HideSolutionNode = FALSE
	EndGlobalSection
	GlobalSection(ExtensibilityGlobals) = postSolution
		SolutionGuid = {CDFDC293-531D-4409-89F5-C5D807394A9D}
	EndGlobalSection
EndGlobal
