
Microsoft Visual Studio Solution File, Format Version 12.00
# Visual Studio Version 17
VisualStudioVersion = 17.14.36908.2 d17.14
MinimumVisualStudioVersion = 10.0.40219.1
Project("{FAE04EC0-301F-11D3-BF4B-00C04F79EFBC}") = "Subiect_Firma_Produse", "Subiect_Firma_Produse\Subiect_Firma_Produse.csproj", "{9F6C6C75-3312-42AF-B9C3-4192840146C1}"
EndProject
Global
	GlobalSection(SolutionConfigurationPlatforms) = preSolution
		Debug|Any CPU = Debug|Any CPU
		Release|Any CPU = Release|Any CPU
	EndGlobalSection
	GlobalSection(ProjectConfigurationPlatforms) = postSolution
		{9F6C6C75-3312-42AF-B9C3-4192840146C1}.Debug|Any CPU.ActiveCfg = Debug|Any CPU
		{9F6C6C75-3312-42AF-B9C3-4192840146C1}.Debug|Any CPU.Build.0 = Debug|Any CPU
		{9F6C6C75-3312-42AF-B9C3-4192840146C1}.Release|Any CPU.ActiveCfg = Release|Any CPU
		{9F6C6C75-3312-42AF-B9C3-4192840146C1}.Release|Any CPU.Build.0 = Release|Any CPU
	EndGlobalSection
	GlobalSection(SolutionProperties) = preSolution
		HideSolutionNode = FALSE
	EndGlobalSection
	GlobalSection(ExtensibilityGlobals) = postSolution
		SolutionGuid = {B8BA9CE8-D3F8-4AA7-BE1F-87320E5BF40C}
	EndGlobalSection
EndGlobal
