
Microsoft Visual Studio Solution File, Format Version 12.00
# Visual Studio Version 17
VisualStudioVersion = 17.14.36908.2 d17.14
MinimumVisualStudioVersion = 10.0.40219.1
Project("{FAE04EC0-301F-11D3-BF4B-00C04F79EFBC}") = "Sem2_Vanzare_bilete", "Sem2_Vanzare_bilete\Sem2_Vanzare_bilete.csproj", "{67E55F06-2F79-4035-ADC4-1EEC8B17DD3B}"
EndProject
Global
	GlobalSection(SolutionConfigurationPlatforms) = preSolution
		Debug|Any CPU = Debug|Any CPU
		Release|Any CPU = Release|Any CPU
	EndGlobalSection
	GlobalSection(ProjectConfigurationPlatforms) = postSolution
		{67E55F06-2F79-4035-ADC4-1EEC8B17DD3B}.Debug|Any CPU.ActiveCfg = Debug|Any CPU
		{67E55F06-2F79-4035-ADC4-1EEC8B17DD3B}.Debug|Any CPU.Build.0 = Debug|Any CPU
		{67E55F06-2F79-4035-ADC4-1EEC8B17DD3B}.Release|Any CPU.ActiveCfg = Release|Any CPU
		{67E55F06-2F79-4035-ADC4-1EEC8B17DD3B}.Release|Any CPU.Build.0 = Release|Any CPU
	EndGlobalSection
	GlobalSection(SolutionProperties) = preSolution
		HideSolutionNode = FALSE
	EndGlobalSection
	GlobalSection(ExtensibilityGlobals) = postSolution
		SolutionGuid = {1D094AFB-E440-4C9D-9332-240F12F167F8}
	EndGlobalSection
EndGlobal
